{
  "name": "@ogod/element-core",
  "version": "1.0.0-alpha.0",
  "lockfileVersion": 2,
  "requires": true,
  "packages": {
    "": {
      "name": "@ogod/element-core",
      "version": "1.0.0-alpha.0",
      "peerDependencies": {
        "@ogod/common": "^1.0.0-alpha",
        "hybrids": "^4.3.3",
        "redux": "^4.0.5",
        "redux-observable": "^1.2.0",
        "rxjs": "^6.6.3"
      }
    },
    "node_modules/@ogod/common": {
      "version": "1.0.0-alpha.0",
      "resolved": "https://registry.npmjs.org/@ogod/common/-/common-1.0.0-alpha.0.tgz",
      "integrity": "sha512-V2D4fi+/R+0G6k/kAJrSuX669YBRctvqhO5fOKf68BzJW4gtzl60BTg9kLAx0IH1YNhwfcv577GcVbzz6d73FQ==",
      "peer": true,
      "peerDependencies": {
        "redux": "^4.0.5",
        "redux-observable": "^1.2.0",
        "rxjs": "^6.6.3"
      }
    },
    "node_modules/hybrids": {
      "version": "4.3.4",
      "resolved": "https://registry.npmjs.org/hybrids/-/hybrids-4.3.4.tgz",
      "integrity": "sha512-npL0roK6o4ZnazKhxJVO9ycERGWnkwFmU3ywnsuD1As62CE69ONfeG6vheoB8vo7Qg6UDSG7bkXSgS6BLOUl8w==",
      "peer": true
    },
    "node_modules/js-tokens": {
      "version": "4.0.0",
      "resolved": "https://registry.npmjs.org/js-tokens/-/js-tokens-4.0.0.tgz",
      "integrity": "sha512-RdJUflcE3cUzKiMqQgsCu06FPu9UdIJO0beYbPhHN4k6apgJtifcoCtT9bcxOpYBtpD2kCM6Sbzg4CausW/PKQ==",
      "peer": true
    },
    "node_modules/loose-envify": {
      "version": "1.4.0",
      "resolved": "https://registry.npmjs.org/loose-envify/-/loose-envify-1.4.0.tgz",
      "integrity": "sha512-lyuxPGr/Wfhrlem2CL/UcnUc1zcqKAImBDzukY7Y5F/yQiNdko6+fRLevlw1HgMySw7f611UIY408EtxRSoK3Q==",
      "peer": true,
      "dependencies": {
        "js-tokens": "^3.0.0 || ^4.0.0"
      },
      "bin": {
        "loose-envify": "cli.js"
      }
    },
    "node_modules/redux": {
      "version": "4.0.5",
      "resolved": "https://registry.npmjs.org/redux/-/redux-4.0.5.tgz",
      "integrity": "sha512-VSz1uMAH24DM6MF72vcojpYPtrTUu3ByVWfPL1nPfVRb5mZVTve5GnNCUV53QM/BZ66xfWrm0CTWoM+Xlz8V1w==",
      "peer": true,
      "dependencies": {
        "loose-envify": "^1.4.0",
        "symbol-observable": "^1.2.0"
      }
    },
    "node_modules/redux-observable": {
      "version": "1.2.0",
      "resolved": "https://registry.npmjs.org/redux-observable/-/redux-observable-1.2.0.tgz",
      "integrity": "sha512-yeR90RP2WzZzCxxnQPlh2uFzyfFLsfXu8ROh53jGDPXVqj71uNDMmvi/YKQkd9ofiVoO4OYb1snbowO49tCEMg==",
      "peer": true,
      "peerDependencies": {
        "redux": ">=4 <5",
        "rxjs": ">=6.0.0-beta.0 <7"
      }
    },
    "node_modules/rxjs": {
      "version": "6.6.3",
      "resolved": "https://registry.npmjs.org/rxjs/-/rxjs-6.6.3.tgz",
      "integrity": "sha512-trsQc+xYYXZ3urjOiJOuCOa5N3jAZ3eiSpQB5hIT8zGlL2QfnHLJ2r7GMkBGuIausdJN1OneaI6gQlsqNHHmZQ==",
      "peer": true,
      "dependencies": {
        "tslib": "^1.9.0"
      },
      "engines": {
        "npm": ">=2.0.0"
      }
    },
    "node_modules/symbol-observable": {
      "version": "1.2.0",
      "resolved": "https://registry.npmjs.org/symbol-observable/-/symbol-observable-1.2.0.tgz",
      "integrity": "sha512-e900nM8RRtGhlV36KGEU9k65K3mPb1WV70OdjfxlG2EAuM1noi/E/BaW/uMhL7bPEssK8QV57vN3esixjUvcXQ==",
      "peer": true,
      "engines": {
        "node": ">=0.10.0"
      }
    },
    "node_modules/tslib": {
      "version": "1.14.1",
      "resolved": "https://registry.npmjs.org/tslib/-/tslib-1.14.1.tgz",
      "integrity": "sha512-Xni35NKzjgMrwevysHTCArtLDpPvye8zV/0E4EyYn43P7/7qvQwPh9BGkHewbMulVntbigmcT7rdX3BNo9wRJg==",
      "peer": true
    }
  },
  "dependencies": {
    "@ogod/common": {
      "version": "1.0.0-alpha.0",
      "resolved": "https://registry.npmjs.org/@ogod/common/-/common-1.0.0-alpha.0.tgz",
      "integrity": "sha512-V2D4fi+/R+0G6k/kAJrSuX669YBRctvqhO5fOKf68BzJW4gtzl60BTg9kLAx0IH1YNhwfcv577GcVbzz6d73FQ==",
      "peer": true,
      "requires": {}
    },
    "hybrids": {
      "version": "4.3.4",
      "resolved": "https://registry.npmjs.org/hybrids/-/hybrids-4.3.4.tgz",
      "integrity": "sha512-npL0roK6o4ZnazKhxJVO9ycERGWnkwFmU3ywnsuD1As62CE69ONfeG6vheoB8vo7Qg6UDSG7bkXSgS6BLOUl8w==",
      "peer": true
    },
    "js-tokens": {
      "version": "4.0.0",
      "resolved": "https://registry.npmjs.org/js-tokens/-/js-tokens-4.0.0.tgz",
      "integrity": "sha512-RdJUflcE3cUzKiMqQgsCu06FPu9UdIJO0beYbPhHN4k6apgJtifcoCtT9bcxOpYBtpD2kCM6Sbzg4CausW/PKQ==",
      "peer": true
    },
    "loose-envify": {
      "version": "1.4.0",
      "resolved": "https://registry.npmjs.org/loose-envify/-/loose-envify-1.4.0.tgz",
      "integrity": "sha512-lyuxPGr/Wfhrlem2CL/UcnUc1zcqKAImBDzukY7Y5F/yQiNdko6+fRLevlw1HgMySw7f611UIY408EtxRSoK3Q==",
      "peer": true,
      "requires": {
        "js-tokens": "^3.0.0 || ^4.0.0"
      }
    },
    "redux": {
      "version": "4.0.5",
      "resolved": "https://registry.npmjs.org/redux/-/redux-4.0.5.tgz",
      "integrity": "sha512-VSz1uMAH24DM6MF72vcojpYPtrTUu3ByVWfPL1nPfVRb5mZVTve5GnNCUV53QM/BZ66xfWrm0CTWoM+Xlz8V1w==",
      "peer": true,
      "requires": {
        "loose-envify": "^1.4.0",
        "symbol-observable": "^1.2.0"
      }
    },
    "redux-observable": {
      "version": "1.2.0",
      "resolved": "https://registry.npmjs.org/redux-observable/-/redux-observable-1.2.0.tgz",
      "integrity": "sha512-yeR90RP2WzZzCxxnQPlh2uFzyfFLsfXu8ROh53jGDPXVqj71uNDMmvi/YKQkd9ofiVoO4OYb1snbowO49tCEMg==",
      "peer": true,
      "requires": {}
    },
    "rxjs": {
      "version": "6.6.3",
      "resolved": "https://registry.npmjs.org/rxjs/-/rxjs-6.6.3.tgz",
      "integrity": "sha512-trsQc+xYYXZ3urjOiJOuCOa5N3jAZ3eiSpQB5hIT8zGlL2QfnHLJ2r7GMkBGuIausdJN1OneaI6gQlsqNHHmZQ==",
      "peer": true,
      "requires": {
        "tslib": "^1.9.0"
      }
    },
    "symbol-observable": {
      "version": "1.2.0",
      "resolved": "https://registry.npmjs.org/symbol-observable/-/symbol-observable-1.2.0.tgz",
      "integrity": "sha512-e900nM8RRtGhlV36KGEU9k65K3mPb1WV70OdjfxlG2EAuM1noi/E/BaW/uMhL7bPEssK8QV57vN3esixjUvcXQ==",
      "peer": true
    },
    "tslib": {
      "version": "1.14.1",
      "resolved": "https://registry.npmjs.org/tslib/-/tslib-1.14.1.tgz",
      "integrity": "sha512-Xni35NKzjgMrwevysHTCArtLDpPvye8zV/0E4EyYn43P7/7qvQwPh9BGkHewbMulVntbigmcT7rdX3BNo9wRJg==",
      "peer": true
    }
  }
}
